
Microsoft Visual Studio Solution File, Format Version 12.00
# Visual Studio Version 16
VisualStudioVersion = 16.0.31019.35
MinimumVisualStudioVersion = 10.0.40219.1
Project("{FAE04EC0-301F-11D3-BF4B-00C04F79EFBC}") = "detyra6", "detyra6\detyra6.csproj", "{0E275B91-84A4-4A8C-A259-865A5AE57D51}"
EndProject
Global
	GlobalSection(SolutionConfigurationPlatforms) = preSolution
		Debug|Any CPU = Debug|Any CPU
		Release|Any CPU = Release|Any CPU
	EndGlobalSection
	GlobalSection(ProjectConfigurationPlatforms) = postSolution
		{0E275B91-84A4-4A8C-A259-865A5AE57D51}.Debug|Any CPU.ActiveCfg = Debug|Any CPU
		{0E275B91-84A4-4A8C-A259-865A5AE57D51}.Debug|Any CPU.Build.0 = Debug|Any CPU
		{0E275B91-84A4-4A8C-A259-865A5AE57D51}.Release|Any CPU.ActiveCfg = Release|Any CPU
		{0E275B91-84A4-4A8C-A259-865A5AE57D51}.Release|Any CPU.Build.0 = Release|Any CPU
	EndGlobalSection
	GlobalSection(SolutionProperties) = preSolution
		HideSolutionNode = FALSE
	EndGlobalSection
	GlobalSection(ExtensibilityGlobals) = postSolution
		SolutionGuid = {DA393BF0-573F-4D5A-BBDB-9DD2302F4674}
	EndGlobalSection
EndGlobal
