
Microsoft Visual Studio Solution File, Format Version 12.00
# Visual Studio Version 16
VisualStudioVersion = 16.0.31019.35
MinimumVisualStudioVersion = 10.0.40219.1
Project("{FAE04EC0-301F-11D3-BF4B-00C04F79EFBC}") = "Detyra13", "Detyra13\Detyra13.csproj", "{9AB9CAD9-8879-46D8-8B3B-9528C9B51BBD}"
EndProject
Global
	GlobalSection(SolutionConfigurationPlatforms) = preSolution
		Debug|Any CPU = Debug|Any CPU
		Release|Any CPU = Release|Any CPU
	EndGlobalSection
	GlobalSection(ProjectConfigurationPlatforms) = postSolution
		{9AB9CAD9-8879-46D8-8B3B-9528C9B51BBD}.Debug|Any CPU.ActiveCfg = Debug|Any CPU
		{9AB9CAD9-8879-46D8-8B3B-9528C9B51BBD}.Debug|Any CPU.Build.0 = Debug|Any CPU
		{9AB9CAD9-8879-46D8-8B3B-9528C9B51BBD}.Release|Any CPU.ActiveCfg = Release|Any CPU
		{9AB9CAD9-8879-46D8-8B3B-9528C9B51BBD}.Release|Any CPU.Build.0 = Release|Any CPU
	EndGlobalSection
	GlobalSection(SolutionProperties) = preSolution
		HideSolutionNode = FALSE
	EndGlobalSection
	GlobalSection(ExtensibilityGlobals) = postSolution
		SolutionGuid = {4452306C-4E88-4D4C-ABB0-E5C5D6248083}
	EndGlobalSection
EndGlobal
