
Microsoft Visual Studio Solution File, Format Version 12.00
# Visual Studio Version 16
VisualStudioVersion = 16.0.31019.35
MinimumVisualStudioVersion = 10.0.40219.1
Project("{FAE04EC0-301F-11D3-BF4B-00C04F79EFBC}") = "Detyra2", "Detyra2\Detyra2.csproj", "{2AB5ADC2-CEBF-4D05-83C2-3CCA52840F9F}"
EndProject
Global
	GlobalSection(SolutionConfigurationPlatforms) = preSolution
		Debug|Any CPU = Debug|Any CPU
		Release|Any CPU = Release|Any CPU
	EndGlobalSection
	GlobalSection(ProjectConfigurationPlatforms) = postSolution
		{2AB5ADC2-CEBF-4D05-83C2-3CCA52840F9F}.Debug|Any CPU.ActiveCfg = Debug|Any CPU
		{2AB5ADC2-CEBF-4D05-83C2-3CCA52840F9F}.Debug|Any CPU.Build.0 = Debug|Any CPU
		{2AB5ADC2-CEBF-4D05-83C2-3CCA52840F9F}.Release|Any CPU.ActiveCfg = Release|Any CPU
		{2AB5ADC2-CEBF-4D05-83C2-3CCA52840F9F}.Release|Any CPU.Build.0 = Release|Any CPU
	EndGlobalSection
	GlobalSection(SolutionProperties) = preSolution
		HideSolutionNode = FALSE
	EndGlobalSection
	GlobalSection(ExtensibilityGlobals) = postSolution
		SolutionGuid = {EF5694E2-B7C0-4CFE-AF82-CC17CC29B2C0}
	EndGlobalSection
EndGlobal
