
Microsoft Visual Studio Solution File, Format Version 12.00
# Visual Studio Version 16
VisualStudioVersion = 16.0.31019.35
MinimumVisualStudioVersion = 10.0.40219.1
Project("{FAE04EC0-301F-11D3-BF4B-00C04F79EFBC}") = "detyra4", "detyra4\detyra4.csproj", "{BD9685C3-E8D9-4546-A857-887B9FF8DCDC}"
EndProject
Global
	GlobalSection(SolutionConfigurationPlatforms) = preSolution
		Debug|Any CPU = Debug|Any CPU
		Release|Any CPU = Release|Any CPU
	EndGlobalSection
	GlobalSection(ProjectConfigurationPlatforms) = postSolution
		{BD9685C3-E8D9-4546-A857-887B9FF8DCDC}.Debug|Any CPU.ActiveCfg = Debug|Any CPU
		{BD9685C3-E8D9-4546-A857-887B9FF8DCDC}.Debug|Any CPU.Build.0 = Debug|Any CPU
		{BD9685C3-E8D9-4546-A857-887B9FF8DCDC}.Release|Any CPU.ActiveCfg = Release|Any CPU
		{BD9685C3-E8D9-4546-A857-887B9FF8DCDC}.Release|Any CPU.Build.0 = Release|Any CPU
	EndGlobalSection
	GlobalSection(SolutionProperties) = preSolution
		HideSolutionNode = FALSE
	EndGlobalSection
	GlobalSection(ExtensibilityGlobals) = postSolution
		SolutionGuid = {3BBE0DF1-9CFB-439E-8D2B-5963576143D8}
	EndGlobalSection
EndGlobal
