
Microsoft Visual Studio Solution File, Format Version 12.00
# Visual Studio Version 16
VisualStudioVersion = 16.0.31019.35
MinimumVisualStudioVersion = 10.0.40219.1
Project("{FAE04EC0-301F-11D3-BF4B-00C04F79EFBC}") = "Detyra 10", "Detyra 10\Detyra 10.csproj", "{BEDBB637-4106-48DA-A6DC-35B63216A639}"
EndProject
Global
	GlobalSection(SolutionConfigurationPlatforms) = preSolution
		Debug|Any CPU = Debug|Any CPU
		Release|Any CPU = Release|Any CPU
	EndGlobalSection
	GlobalSection(ProjectConfigurationPlatforms) = postSolution
		{BEDBB637-4106-48DA-A6DC-35B63216A639}.Debug|Any CPU.ActiveCfg = Debug|Any CPU
		{BEDBB637-4106-48DA-A6DC-35B63216A639}.Debug|Any CPU.Build.0 = Debug|Any CPU
		{BEDBB637-4106-48DA-A6DC-35B63216A639}.Release|Any CPU.ActiveCfg = Release|Any CPU
		{BEDBB637-4106-48DA-A6DC-35B63216A639}.Release|Any CPU.Build.0 = Release|Any CPU
	EndGlobalSection
	GlobalSection(SolutionProperties) = preSolution
		HideSolutionNode = FALSE
	EndGlobalSection
	GlobalSection(ExtensibilityGlobals) = postSolution
		SolutionGuid = {E68D13F2-4A63-459F-BB3D-2D2D66AD0C8B}
	EndGlobalSection
EndGlobal
