
Microsoft Visual Studio Solution File, Format Version 12.00
# Visual Studio Version 16
VisualStudioVersion = 16.0.31019.35
MinimumVisualStudioVersion = 10.0.40219.1
Project("{FAE04EC0-301F-11D3-BF4B-00C04F79EFBC}") = "Detyra2", "Detyra2\Detyra2.csproj", "{74689A6A-2FED-4B26-8C77-2DAA91F6B6C5}"
EndProject
Global
	GlobalSection(SolutionConfigurationPlatforms) = preSolution
		Debug|Any CPU = Debug|Any CPU
		Release|Any CPU = Release|Any CPU
	EndGlobalSection
	GlobalSection(ProjectConfigurationPlatforms) = postSolution
		{74689A6A-2FED-4B26-8C77-2DAA91F6B6C5}.Debug|Any CPU.ActiveCfg = Debug|Any CPU
		{74689A6A-2FED-4B26-8C77-2DAA91F6B6C5}.Debug|Any CPU.Build.0 = Debug|Any CPU
		{74689A6A-2FED-4B26-8C77-2DAA91F6B6C5}.Release|Any CPU.ActiveCfg = Release|Any CPU
		{74689A6A-2FED-4B26-8C77-2DAA91F6B6C5}.Release|Any CPU.Build.0 = Release|Any CPU
	EndGlobalSection
	GlobalSection(SolutionProperties) = preSolution
		HideSolutionNode = FALSE
	EndGlobalSection
	GlobalSection(ExtensibilityGlobals) = postSolution
		SolutionGuid = {781A687C-A641-4E0D-9668-6507A5E41EE1}
	EndGlobalSection
EndGlobal
