
Microsoft Visual Studio Solution File, Format Version 12.00
# Visual Studio Version 16
VisualStudioVersion = 16.0.31019.35
MinimumVisualStudioVersion = 10.0.40219.1
Project("{FAE04EC0-301F-11D3-BF4B-00C04F79EFBC}") = "Detyra15", "Detyra15\Detyra15.csproj", "{B7314EF3-0BB2-4041-B4CE-46B767F595EE}"
EndProject
Global
	GlobalSection(SolutionConfigurationPlatforms) = preSolution
		Debug|Any CPU = Debug|Any CPU
		Release|Any CPU = Release|Any CPU
	EndGlobalSection
	GlobalSection(ProjectConfigurationPlatforms) = postSolution
		{B7314EF3-0BB2-4041-B4CE-46B767F595EE}.Debug|Any CPU.ActiveCfg = Debug|Any CPU
		{B7314EF3-0BB2-4041-B4CE-46B767F595EE}.Debug|Any CPU.Build.0 = Debug|Any CPU
		{B7314EF3-0BB2-4041-B4CE-46B767F595EE}.Release|Any CPU.ActiveCfg = Release|Any CPU
		{B7314EF3-0BB2-4041-B4CE-46B767F595EE}.Release|Any CPU.Build.0 = Release|Any CPU
	EndGlobalSection
	GlobalSection(SolutionProperties) = preSolution
		HideSolutionNode = FALSE
	EndGlobalSection
	GlobalSection(ExtensibilityGlobals) = postSolution
		SolutionGuid = {4B7F29EC-89F8-46BF-8EA6-DF8D6E7FE199}
	EndGlobalSection
EndGlobal
