
Microsoft Visual Studio Solution File, Format Version 12.00
# Visual Studio Version 16
VisualStudioVersion = 16.0.31019.35
MinimumVisualStudioVersion = 10.0.40219.1
Project("{FAE04EC0-301F-11D3-BF4B-00C04F79EFBC}") = "detyra6", "detyra6\detyra6.csproj", "{C7EF3929-22C3-4C0B-8276-B279932E5F1E}"
EndProject
Global
	GlobalSection(SolutionConfigurationPlatforms) = preSolution
		Debug|Any CPU = Debug|Any CPU
		Release|Any CPU = Release|Any CPU
	EndGlobalSection
	GlobalSection(ProjectConfigurationPlatforms) = postSolution
		{C7EF3929-22C3-4C0B-8276-B279932E5F1E}.Debug|Any CPU.ActiveCfg = Debug|Any CPU
		{C7EF3929-22C3-4C0B-8276-B279932E5F1E}.Debug|Any CPU.Build.0 = Debug|Any CPU
		{C7EF3929-22C3-4C0B-8276-B279932E5F1E}.Release|Any CPU.ActiveCfg = Release|Any CPU
		{C7EF3929-22C3-4C0B-8276-B279932E5F1E}.Release|Any CPU.Build.0 = Release|Any CPU
	EndGlobalSection
	GlobalSection(SolutionProperties) = preSolution
		HideSolutionNode = FALSE
	EndGlobalSection
	GlobalSection(ExtensibilityGlobals) = postSolution
		SolutionGuid = {48962D77-F0AA-46E0-909B-1C2002F2B161}
	EndGlobalSection
EndGlobal
