
Microsoft Visual Studio Solution File, Format Version 12.00
# Visual Studio Version 16
VisualStudioVersion = 16.0.31019.35
MinimumVisualStudioVersion = 10.0.40219.1
Project("{FAE04EC0-301F-11D3-BF4B-00C04F79EFBC}") = "detyra4", "detyra4\detyra4.csproj", "{827552B6-0FEE-4BD9-BE84-C48D06E62F28}"
EndProject
Global
	GlobalSection(SolutionConfigurationPlatforms) = preSolution
		Debug|Any CPU = Debug|Any CPU
		Release|Any CPU = Release|Any CPU
	EndGlobalSection
	GlobalSection(ProjectConfigurationPlatforms) = postSolution
		{827552B6-0FEE-4BD9-BE84-C48D06E62F28}.Debug|Any CPU.ActiveCfg = Debug|Any CPU
		{827552B6-0FEE-4BD9-BE84-C48D06E62F28}.Debug|Any CPU.Build.0 = Debug|Any CPU
		{827552B6-0FEE-4BD9-BE84-C48D06E62F28}.Release|Any CPU.ActiveCfg = Release|Any CPU
		{827552B6-0FEE-4BD9-BE84-C48D06E62F28}.Release|Any CPU.Build.0 = Release|Any CPU
	EndGlobalSection
	GlobalSection(SolutionProperties) = preSolution
		HideSolutionNode = FALSE
	EndGlobalSection
	GlobalSection(ExtensibilityGlobals) = postSolution
		SolutionGuid = {C9918127-8914-4154-A015-4A01C9B6EEF3}
	EndGlobalSection
EndGlobal
