
Microsoft Visual Studio Solution File, Format Version 12.00
# Visual Studio Version 16
VisualStudioVersion = 16.0.31019.35
MinimumVisualStudioVersion = 10.0.40219.1
Project("{FAE04EC0-301F-11D3-BF4B-00C04F79EFBC}") = "detyra5", "detyra5\detyra5.csproj", "{CFC71BC3-5AD1-4D6D-B9E3-ED5542A39740}"
EndProject
Global
	GlobalSection(SolutionConfigurationPlatforms) = preSolution
		Debug|Any CPU = Debug|Any CPU
		Release|Any CPU = Release|Any CPU
	EndGlobalSection
	GlobalSection(ProjectConfigurationPlatforms) = postSolution
		{CFC71BC3-5AD1-4D6D-B9E3-ED5542A39740}.Debug|Any CPU.ActiveCfg = Debug|Any CPU
		{CFC71BC3-5AD1-4D6D-B9E3-ED5542A39740}.Debug|Any CPU.Build.0 = Debug|Any CPU
		{CFC71BC3-5AD1-4D6D-B9E3-ED5542A39740}.Release|Any CPU.ActiveCfg = Release|Any CPU
		{CFC71BC3-5AD1-4D6D-B9E3-ED5542A39740}.Release|Any CPU.Build.0 = Release|Any CPU
	EndGlobalSection
	GlobalSection(SolutionProperties) = preSolution
		HideSolutionNode = FALSE
	EndGlobalSection
	GlobalSection(ExtensibilityGlobals) = postSolution
		SolutionGuid = {E8FBB616-272B-489E-8601-5816F2F3F798}
	EndGlobalSection
EndGlobal
