
Microsoft Visual Studio Solution File, Format Version 12.00
# Visual Studio Version 16
VisualStudioVersion = 16.0.31019.35
MinimumVisualStudioVersion = 10.0.40219.1
Project("{FAE04EC0-301F-11D3-BF4B-00C04F79EFBC}") = "Detyra16", "Detyra16\Detyra16.csproj", "{187474B4-8525-4C33-9574-C653B7EA6724}"
EndProject
Global
	GlobalSection(SolutionConfigurationPlatforms) = preSolution
		Debug|Any CPU = Debug|Any CPU
		Release|Any CPU = Release|Any CPU
	EndGlobalSection
	GlobalSection(ProjectConfigurationPlatforms) = postSolution
		{187474B4-8525-4C33-9574-C653B7EA6724}.Debug|Any CPU.ActiveCfg = Debug|Any CPU
		{187474B4-8525-4C33-9574-C653B7EA6724}.Debug|Any CPU.Build.0 = Debug|Any CPU
		{187474B4-8525-4C33-9574-C653B7EA6724}.Release|Any CPU.ActiveCfg = Release|Any CPU
		{187474B4-8525-4C33-9574-C653B7EA6724}.Release|Any CPU.Build.0 = Release|Any CPU
	EndGlobalSection
	GlobalSection(SolutionProperties) = preSolution
		HideSolutionNode = FALSE
	EndGlobalSection
	GlobalSection(ExtensibilityGlobals) = postSolution
		SolutionGuid = {01F206EF-0518-46F9-8333-0C0D116C3D93}
	EndGlobalSection
EndGlobal
