
Microsoft Visual Studio Solution File, Format Version 12.00
# Visual Studio Version 16
VisualStudioVersion = 16.0.31019.35
MinimumVisualStudioVersion = 10.0.40219.1
Project("{FAE04EC0-301F-11D3-BF4B-00C04F79EFBC}") = "Detyra14", "Detyra14\Detyra14.csproj", "{B9C28290-0FA5-4EA9-8834-77BDC91ED3CC}"
EndProject
Global
	GlobalSection(SolutionConfigurationPlatforms) = preSolution
		Debug|Any CPU = Debug|Any CPU
		Release|Any CPU = Release|Any CPU
	EndGlobalSection
	GlobalSection(ProjectConfigurationPlatforms) = postSolution
		{B9C28290-0FA5-4EA9-8834-77BDC91ED3CC}.Debug|Any CPU.ActiveCfg = Debug|Any CPU
		{B9C28290-0FA5-4EA9-8834-77BDC91ED3CC}.Debug|Any CPU.Build.0 = Debug|Any CPU
		{B9C28290-0FA5-4EA9-8834-77BDC91ED3CC}.Release|Any CPU.ActiveCfg = Release|Any CPU
		{B9C28290-0FA5-4EA9-8834-77BDC91ED3CC}.Release|Any CPU.Build.0 = Release|Any CPU
	EndGlobalSection
	GlobalSection(SolutionProperties) = preSolution
		HideSolutionNode = FALSE
	EndGlobalSection
	GlobalSection(ExtensibilityGlobals) = postSolution
		SolutionGuid = {55357E2E-0DAD-44FF-A9B0-EE8BCC616A83}
	EndGlobalSection
EndGlobal
