
Microsoft Visual Studio Solution File, Format Version 12.00
# Visual Studio Version 16
VisualStudioVersion = 16.0.31019.35
MinimumVisualStudioVersion = 10.0.40219.1
Project("{FAE04EC0-301F-11D3-BF4B-00C04F79EFBC}") = "Detyra19", "Detyra19\Detyra19.csproj", "{E185B125-7D93-4E7E-8C1F-74753B480167}"
EndProject
Global
	GlobalSection(SolutionConfigurationPlatforms) = preSolution
		Debug|Any CPU = Debug|Any CPU
		Release|Any CPU = Release|Any CPU
	EndGlobalSection
	GlobalSection(ProjectConfigurationPlatforms) = postSolution
		{E185B125-7D93-4E7E-8C1F-74753B480167}.Debug|Any CPU.ActiveCfg = Debug|Any CPU
		{E185B125-7D93-4E7E-8C1F-74753B480167}.Debug|Any CPU.Build.0 = Debug|Any CPU
		{E185B125-7D93-4E7E-8C1F-74753B480167}.Release|Any CPU.ActiveCfg = Release|Any CPU
		{E185B125-7D93-4E7E-8C1F-74753B480167}.Release|Any CPU.Build.0 = Release|Any CPU
	EndGlobalSection
	GlobalSection(SolutionProperties) = preSolution
		HideSolutionNode = FALSE
	EndGlobalSection
	GlobalSection(ExtensibilityGlobals) = postSolution
		SolutionGuid = {C6F384E2-E214-4558-8C41-CC8DAB72670B}
	EndGlobalSection
EndGlobal
