
Microsoft Visual Studio Solution File, Format Version 12.00
# Visual Studio Version 16
VisualStudioVersion = 16.0.31019.35
MinimumVisualStudioVersion = 10.0.40219.1
Project("{FAE04EC0-301F-11D3-BF4B-00C04F79EFBC}") = "Detyra 5", "Detyra 5\Detyra 5.csproj", "{7F669D84-8727-43DC-981F-785261459079}"
EndProject
Global
	GlobalSection(SolutionConfigurationPlatforms) = preSolution
		Debug|Any CPU = Debug|Any CPU
		Release|Any CPU = Release|Any CPU
	EndGlobalSection
	GlobalSection(ProjectConfigurationPlatforms) = postSolution
		{7F669D84-8727-43DC-981F-785261459079}.Debug|Any CPU.ActiveCfg = Debug|Any CPU
		{7F669D84-8727-43DC-981F-785261459079}.Debug|Any CPU.Build.0 = Debug|Any CPU
		{7F669D84-8727-43DC-981F-785261459079}.Release|Any CPU.ActiveCfg = Release|Any CPU
		{7F669D84-8727-43DC-981F-785261459079}.Release|Any CPU.Build.0 = Release|Any CPU
	EndGlobalSection
	GlobalSection(SolutionProperties) = preSolution
		HideSolutionNode = FALSE
	EndGlobalSection
	GlobalSection(ExtensibilityGlobals) = postSolution
		SolutionGuid = {96B39C3A-78B1-42E6-B8B7-54499D7ECD02}
	EndGlobalSection
EndGlobal
