
Microsoft Visual Studio Solution File, Format Version 12.00
# Visual Studio Version 16
VisualStudioVersion = 16.0.31019.35
MinimumVisualStudioVersion = 10.0.40219.1
Project("{FAE04EC0-301F-11D3-BF4B-00C04F79EFBC}") = "Detyra 5", "Detyra 5\Detyra 5.csproj", "{95A0FE64-174A-4D93-8700-DD9FFC41E0C3}"
EndProject
Global
	GlobalSection(SolutionConfigurationPlatforms) = preSolution
		Debug|Any CPU = Debug|Any CPU
		Release|Any CPU = Release|Any CPU
	EndGlobalSection
	GlobalSection(ProjectConfigurationPlatforms) = postSolution
		{95A0FE64-174A-4D93-8700-DD9FFC41E0C3}.Debug|Any CPU.ActiveCfg = Debug|Any CPU
		{95A0FE64-174A-4D93-8700-DD9FFC41E0C3}.Debug|Any CPU.Build.0 = Debug|Any CPU
		{95A0FE64-174A-4D93-8700-DD9FFC41E0C3}.Release|Any CPU.ActiveCfg = Release|Any CPU
		{95A0FE64-174A-4D93-8700-DD9FFC41E0C3}.Release|Any CPU.Build.0 = Release|Any CPU
	EndGlobalSection
	GlobalSection(SolutionProperties) = preSolution
		HideSolutionNode = FALSE
	EndGlobalSection
	GlobalSection(ExtensibilityGlobals) = postSolution
		SolutionGuid = {EA82D3CC-4385-4D7B-8555-D559D0E6CA53}
	EndGlobalSection
EndGlobal
