
Microsoft Visual Studio Solution File, Format Version 12.00
# Visual Studio Version 16
VisualStudioVersion = 16.0.31019.35
MinimumVisualStudioVersion = 10.0.40219.1
Project("{FAE04EC0-301F-11D3-BF4B-00C04F79EFBC}") = "detyra9", "detyra9\detyra9.csproj", "{78374B98-BDB5-4FF7-962E-877CFEBE518E}"
EndProject
Global
	GlobalSection(SolutionConfigurationPlatforms) = preSolution
		Debug|Any CPU = Debug|Any CPU
		Release|Any CPU = Release|Any CPU
	EndGlobalSection
	GlobalSection(ProjectConfigurationPlatforms) = postSolution
		{78374B98-BDB5-4FF7-962E-877CFEBE518E}.Debug|Any CPU.ActiveCfg = Debug|Any CPU
		{78374B98-BDB5-4FF7-962E-877CFEBE518E}.Debug|Any CPU.Build.0 = Debug|Any CPU
		{78374B98-BDB5-4FF7-962E-877CFEBE518E}.Release|Any CPU.ActiveCfg = Release|Any CPU
		{78374B98-BDB5-4FF7-962E-877CFEBE518E}.Release|Any CPU.Build.0 = Release|Any CPU
	EndGlobalSection
	GlobalSection(SolutionProperties) = preSolution
		HideSolutionNode = FALSE
	EndGlobalSection
	GlobalSection(ExtensibilityGlobals) = postSolution
		SolutionGuid = {8AE32025-3D80-4E23-BBCB-463248590FBB}
	EndGlobalSection
EndGlobal
