
Microsoft Visual Studio Solution File, Format Version 12.00
# Visual Studio Version 16
VisualStudioVersion = 16.0.31019.35
MinimumVisualStudioVersion = 10.0.40219.1
Project("{FAE04EC0-301F-11D3-BF4B-00C04F79EFBC}") = "Detyra11", "Detyra11\Detyra11.csproj", "{EEB5DE7E-F464-4A3C-B5CD-7323EC6E4914}"
EndProject
Global
	GlobalSection(SolutionConfigurationPlatforms) = preSolution
		Debug|Any CPU = Debug|Any CPU
		Release|Any CPU = Release|Any CPU
	EndGlobalSection
	GlobalSection(ProjectConfigurationPlatforms) = postSolution
		{EEB5DE7E-F464-4A3C-B5CD-7323EC6E4914}.Debug|Any CPU.ActiveCfg = Debug|Any CPU
		{EEB5DE7E-F464-4A3C-B5CD-7323EC6E4914}.Debug|Any CPU.Build.0 = Debug|Any CPU
		{EEB5DE7E-F464-4A3C-B5CD-7323EC6E4914}.Release|Any CPU.ActiveCfg = Release|Any CPU
		{EEB5DE7E-F464-4A3C-B5CD-7323EC6E4914}.Release|Any CPU.Build.0 = Release|Any CPU
	EndGlobalSection
	GlobalSection(SolutionProperties) = preSolution
		HideSolutionNode = FALSE
	EndGlobalSection
	GlobalSection(ExtensibilityGlobals) = postSolution
		SolutionGuid = {56DC3D7A-1E12-412E-BC3E-26AC271D8162}
	EndGlobalSection
EndGlobal
