
Microsoft Visual Studio Solution File, Format Version 12.00
# Visual Studio Version 16
VisualStudioVersion = 16.0.31019.35
MinimumVisualStudioVersion = 10.0.40219.1
Project("{FAE04EC0-301F-11D3-BF4B-00C04F79EFBC}") = "detyra1", "detyra1\detyra1.csproj", "{65975054-9D69-4519-AE4C-F57CDFFE6AA6}"
EndProject
Global
	GlobalSection(SolutionConfigurationPlatforms) = preSolution
		Debug|Any CPU = Debug|Any CPU
		Release|Any CPU = Release|Any CPU
	EndGlobalSection
	GlobalSection(ProjectConfigurationPlatforms) = postSolution
		{65975054-9D69-4519-AE4C-F57CDFFE6AA6}.Debug|Any CPU.ActiveCfg = Debug|Any CPU
		{65975054-9D69-4519-AE4C-F57CDFFE6AA6}.Debug|Any CPU.Build.0 = Debug|Any CPU
		{65975054-9D69-4519-AE4C-F57CDFFE6AA6}.Release|Any CPU.ActiveCfg = Release|Any CPU
		{65975054-9D69-4519-AE4C-F57CDFFE6AA6}.Release|Any CPU.Build.0 = Release|Any CPU
	EndGlobalSection
	GlobalSection(SolutionProperties) = preSolution
		HideSolutionNode = FALSE
	EndGlobalSection
	GlobalSection(ExtensibilityGlobals) = postSolution
		SolutionGuid = {011DC49A-01BC-41D2-9983-B7F34758304F}
	EndGlobalSection
EndGlobal
