
Microsoft Visual Studio Solution File, Format Version 12.00
# Visual Studio Version 16
VisualStudioVersion = 16.0.31019.35
MinimumVisualStudioVersion = 10.0.40219.1
Project("{FAE04EC0-301F-11D3-BF4B-00C04F79EFBC}") = "Detyra1", "Detyra1\Detyra1.csproj", "{312C7683-10D6-464C-A8D1-5C92D680CCCD}"
EndProject
Global
	GlobalSection(SolutionConfigurationPlatforms) = preSolution
		Debug|Any CPU = Debug|Any CPU
		Release|Any CPU = Release|Any CPU
	EndGlobalSection
	GlobalSection(ProjectConfigurationPlatforms) = postSolution
		{312C7683-10D6-464C-A8D1-5C92D680CCCD}.Debug|Any CPU.ActiveCfg = Debug|Any CPU
		{312C7683-10D6-464C-A8D1-5C92D680CCCD}.Debug|Any CPU.Build.0 = Debug|Any CPU
		{312C7683-10D6-464C-A8D1-5C92D680CCCD}.Release|Any CPU.ActiveCfg = Release|Any CPU
		{312C7683-10D6-464C-A8D1-5C92D680CCCD}.Release|Any CPU.Build.0 = Release|Any CPU
	EndGlobalSection
	GlobalSection(SolutionProperties) = preSolution
		HideSolutionNode = FALSE
	EndGlobalSection
	GlobalSection(ExtensibilityGlobals) = postSolution
		SolutionGuid = {42A1D0B3-9248-4D20-9985-F6C0628A9D7D}
	EndGlobalSection
EndGlobal
