
Microsoft Visual Studio Solution File, Format Version 12.00
# Visual Studio Version 16
VisualStudioVersion = 16.0.31019.35
MinimumVisualStudioVersion = 10.0.40219.1
Project("{FAE04EC0-301F-11D3-BF4B-00C04F79EFBC}") = "Detyra1", "Detyra1\Detyra1.csproj", "{471E2702-1A1A-4BD9-A120-68D1732DC18E}"
EndProject
Global
	GlobalSection(SolutionConfigurationPlatforms) = preSolution
		Debug|Any CPU = Debug|Any CPU
		Release|Any CPU = Release|Any CPU
	EndGlobalSection
	GlobalSection(ProjectConfigurationPlatforms) = postSolution
		{471E2702-1A1A-4BD9-A120-68D1732DC18E}.Debug|Any CPU.ActiveCfg = Debug|Any CPU
		{471E2702-1A1A-4BD9-A120-68D1732DC18E}.Debug|Any CPU.Build.0 = Debug|Any CPU
		{471E2702-1A1A-4BD9-A120-68D1732DC18E}.Release|Any CPU.ActiveCfg = Release|Any CPU
		{471E2702-1A1A-4BD9-A120-68D1732DC18E}.Release|Any CPU.Build.0 = Release|Any CPU
	EndGlobalSection
	GlobalSection(SolutionProperties) = preSolution
		HideSolutionNode = FALSE
	EndGlobalSection
	GlobalSection(ExtensibilityGlobals) = postSolution
		SolutionGuid = {ABE1D046-7ABA-4608-9493-3BD64E777468}
	EndGlobalSection
EndGlobal
